// !$*UTF8*$!
{
	archiveVersion = 1;
	classes = {
	};
	objectVersion = 50;
	objects = {

/* Begin PBXBuildFile section */
		2511F4022291D14F004D5CA8 /* AppDelegate.swift in Sources */ = {isa = PBXBuildFile; fileRef = 2511F4012291D14F004D5CA8 /* AppDelegate.swift */; };
		2511F4072291D14F004D5CA8 /* Main.storyboard in Resources */ = {isa = PBXBuildFile; fileRef = 2511F4052291D14F004D5CA8 /* Main.storyboard */; };
		2511F4092291D150004D5CA8 /* Assets.xcassets in Resources */ = {isa = PBXBuildFile; fileRef = 2511F4082291D150004D5CA8 /* Assets.xcassets */; };
		2511F40C2291D150004D5CA8 /* LaunchScreen.storyboard in Resources */ = {isa = PBXBuildFile; fileRef = 2511F40A2291D150004D5CA8 /* LaunchScreen.storyboard */; };
		2511F4142291D7C8004D5CA8 /* GoogleService-Info.plist in Resources */ = {isa = PBXBuildFile; fileRef = 2511F4132291D7C8004D5CA8 /* GoogleService-Info.plist */; };
		2511F41F2291E03A004D5CA8 /* Login.storyboard in Resources */ = {isa = PBXBuildFile; fileRef = 2511F41E2291E03A004D5CA8 /* Login.storyboard */; };
		2511F4212291E0D8004D5CA8 /* LoginViewController.swift in Sources */ = {isa = PBXBuildFile; fileRef = 2511F4202291E0D8004D5CA8 /* LoginViewController.swift */; };
		2511F423229203E9004D5CA8 /* User.swift in Sources */ = {isa = PBXBuildFile; fileRef = 2511F422229203E9004D5CA8 /* User.swift */; };
		2511F427229206F4004D5CA8 /* CreateUsernameViewController.swift in Sources */ = {isa = PBXBuildFile; fileRef = 2511F426229206F4004D5CA8 /* CreateUsernameViewController.swift */; };
		2511F42922921673004D5CA8 /* UserService.swift in Sources */ = {isa = PBXBuildFile; fileRef = 2511F42822921673004D5CA8 /* UserService.swift */; };
		2511F42B2292291B004D5CA8 /* Constants.swift in Sources */ = {isa = PBXBuildFile; fileRef = 2511F42A2292291B004D5CA8 /* Constants.swift */; };
		2511F42D22922A5A004D5CA8 /* Storyboard+Utility.swift in Sources */ = {isa = PBXBuildFile; fileRef = 2511F42C22922A5A004D5CA8 /* Storyboard+Utility.swift */; };
		253A2E902294753300B54B6C /* PostHeaderCell.swift in Sources */ = {isa = PBXBuildFile; fileRef = 253A2E8F2294753300B54B6C /* PostHeaderCell.swift */; };
		253A2E922294781700B54B6C /* PostActionCell.swift in Sources */ = {isa = PBXBuildFile; fileRef = 253A2E912294781700B54B6C /* PostActionCell.swift */; };
		253A2E942294849800B54B6C /* LikeService.swift in Sources */ = {isa = PBXBuildFile; fileRef = 253A2E932294849800B54B6C /* LikeService.swift */; };
		253A2E96229499C100B54B6C /* FollowService.swift in Sources */ = {isa = PBXBuildFile; fileRef = 253A2E95229499C100B54B6C /* FollowService.swift */; };
		253A2E9922949D6000B54B6C /* FindFriends.storyboard in Resources */ = {isa = PBXBuildFile; fileRef = 253A2E9B22949D6000B54B6C /* FindFriends.storyboard */; };
		253A2E9D22949EC700B54B6C /* FindFriendsCell.swift in Sources */ = {isa = PBXBuildFile; fileRef = 253A2E9C22949EC700B54B6C /* FindFriendsCell.swift */; };
		255DA7E822937EFF00EA6911 /* Home.storyboard in Resources */ = {isa = PBXBuildFile; fileRef = 255DA7E722937E5E00EA6911 /* Home.storyboard */; };
		255DA7EA229381DA00EA6911 /* PostImageCell.swift in Sources */ = {isa = PBXBuildFile; fileRef = 255DA7E9229381DA00EA6911 /* PostImageCell.swift */; };
		256118D02295C76D008C12C4 /* DatabaseReference+Location.swift in Sources */ = {isa = PBXBuildFile; fileRef = 256118CF2295C76D008C12C4 /* DatabaseReference+Location.swift */; };
		256118D22295D19A008C12C4 /* UITableView+Utility.swift in Sources */ = {isa = PBXBuildFile; fileRef = 256118D12295D19A008C12C4 /* UITableView+Utility.swift */; };
		256118D42295D75E008C12C4 /* MGPaginationHelper.swift in Sources */ = {isa = PBXBuildFile; fileRef = 256118D32295D75E008C12C4 /* MGPaginationHelper.swift */; };
		256118D622960D76008C12C4 /* open-sans in Resources */ = {isa = PBXBuildFile; fileRef = 256118D522960D76008C12C4 /* open-sans */; };
		25A20D9622961A4300A41609 /* UIColor+Utility.swift in Sources */ = {isa = PBXBuildFile; fileRef = 25A20D9522961A4300A41609 /* UIColor+Utility.swift */; };
		25A20D9822961B1800A41609 /* UIFont+Utility.swift in Sources */ = {isa = PBXBuildFile; fileRef = 25A20D9722961B1800A41609 /* UIFont+Utility.swift */; };
		25A20D9A229627A600A41609 /* ProfileViewController.swift in Sources */ = {isa = PBXBuildFile; fileRef = 25A20D99229627A600A41609 /* ProfileViewController.swift */; };
		25A20D9D22962A4700A41609 /* Profile.storyboard in Resources */ = {isa = PBXBuildFile; fileRef = 25A20D9F22962A4700A41609 /* Profile.storyboard */; };
		25A20DA122962BB600A41609 /* PostThumbImageCell.swift in Sources */ = {isa = PBXBuildFile; fileRef = 25A20DA022962BB600A41609 /* PostThumbImageCell.swift */; };
		25A20DA322962F1A00A41609 /* ProfileHeaderView.swift in Sources */ = {isa = PBXBuildFile; fileRef = 25A20DA222962F1A00A41609 /* ProfileHeaderView.swift */; };
		25AC9000229340E5007F24CB /* HomeViewController.swift in Sources */ = {isa = PBXBuildFile; fileRef = 25AC8FFF229340E5007F24CB /* HomeViewController.swift */; };
		25AC9002229340F2007F24CB /* FindFriendsViewController.swift in Sources */ = {isa = PBXBuildFile; fileRef = 25AC9001229340F2007F24CB /* FindFriendsViewController.swift */; };
		25AC900422934A4F007F24CB /* MainTabBarController.swift in Sources */ = {isa = PBXBuildFile; fileRef = 25AC900322934A4F007F24CB /* MainTabBarController.swift */; };
		25AC9006229351A6007F24CB /* MGPhotoHelper.swift in Sources */ = {isa = PBXBuildFile; fileRef = 25AC9005229351A6007F24CB /* MGPhotoHelper.swift */; };
		25AC900822935E90007F24CB /* StorageService.swift in Sources */ = {isa = PBXBuildFile; fileRef = 25AC900722935E90007F24CB /* StorageService.swift */; };
		25AC900A22936148007F24CB /* PostService.swift in Sources */ = {isa = PBXBuildFile; fileRef = 25AC900922936148007F24CB /* PostService.swift */; };
		25AC900C229362DE007F24CB /* Post.swift in Sources */ = {isa = PBXBuildFile; fileRef = 25AC900B229362DE007F24CB /* Post.swift */; };
		25AC900E229366D2007F24CB /* UIImage+Size.swift in Sources */ = {isa = PBXBuildFile; fileRef = 25AC900D229366D2007F24CB /* UIImage+Size.swift */; };
		25AC901022936759007F24CB /* StorageReference+Post.swift in Sources */ = {isa = PBXBuildFile; fileRef = 25AC900F22936759007F24CB /* StorageReference+Post.swift */; };
		25DDB73522976DA800B3DE23 /* Chat.swift in Sources */ = {isa = PBXBuildFile; fileRef = 25DDB73422976DA800B3DE23 /* Chat.swift */; };
		25DDB7372297710900B3DE23 /* Message.swift in Sources */ = {isa = PBXBuildFile; fileRef = 25DDB7362297710900B3DE23 /* Message.swift */; };
		25DDB739229772E300B3DE23 /* ChatService.swift in Sources */ = {isa = PBXBuildFile; fileRef = 25DDB738229772E300B3DE23 /* ChatService.swift */; };
		25DDB73C22977B5B00B3DE23 /* Chat.storyboard in Resources */ = {isa = PBXBuildFile; fileRef = 25DDB73E22977B5B00B3DE23 /* Chat.storyboard */; };
		25DDB74022977BC100B3DE23 /* ChatListViewController.swift in Sources */ = {isa = PBXBuildFile; fileRef = 25DDB73F22977BC100B3DE23 /* ChatListViewController.swift */; };
		25DDB742229780AD00B3DE23 /* ChatListCell.swift in Sources */ = {isa = PBXBuildFile; fileRef = 25DDB741229780AD00B3DE23 /* ChatListCell.swift */; };
		25DDB74422978E3800B3DE23 /* NewChatViewController.swift in Sources */ = {isa = PBXBuildFile; fileRef = 25DDB74322978E3800B3DE23 /* NewChatViewController.swift */; };
		469F509057D52B44E314C14E /* Pods_Makestagram.framework in Frameworks */ = {isa = PBXBuildFile; fileRef = B7A5ABFE752392A022738F9F /* Pods_Makestagram.framework */; };
/* End PBXBuildFile section */

/* Begin PBXFileReference section */
		19916D348D3B2A4862B7816F /* Pods-Makestagram.debug.xcconfig */ = {isa = PBXFileReference; includeInIndex = 1; lastKnownFileType = text.xcconfig; name = "Pods-Makestagram.debug.xcconfig"; path = "Target Support Files/Pods-Makestagram/Pods-Makestagram.debug.xcconfig"; sourceTree = "<group>"; };
		2511F3FE2291D14E004D5CA8 /* Makestagram.app */ = {isa = PBXFileReference; explicitFileType = wrapper.application; includeInIndex = 0; path = Makestagram.app; sourceTree = BUILT_PRODUCTS_DIR; };
		2511F4012291D14F004D5CA8 /* AppDelegate.swift */ = {isa = PBXFileReference; lastKnownFileType = sourcecode.swift; path = AppDelegate.swift; sourceTree = "<group>"; };
		2511F4062291D14F004D5CA8 /* Base */ = {isa = PBXFileReference; lastKnownFileType = file.storyboard; name = Base; path = Base.lproj/Main.storyboard; sourceTree = "<group>"; };
		2511F4082291D150004D5CA8 /* Assets.xcassets */ = {isa = PBXFileReference; lastKnownFileType = folder.assetcatalog; path = Assets.xcassets; sourceTree = "<group>"; };
		2511F40B2291D150004D5CA8 /* Base */ = {isa = PBXFileReference; lastKnownFileType = file.storyboard; name = Base; path = Base.lproj/LaunchScreen.storyboard; sourceTree = "<group>"; };
		2511F40D2291D150004D5CA8 /* Info.plist */ = {isa = PBXFileReference; lastKnownFileType = text.plist.xml; path = Info.plist; sourceTree = "<group>"; };
		2511F4132291D7C8004D5CA8 /* GoogleService-Info.plist */ = {isa = PBXFileReference; fileEncoding = 4; lastKnownFileType = text.plist.xml; path = "GoogleService-Info.plist"; sourceTree = "<group>"; };
		2511F41E2291E03A004D5CA8 /* Login.storyboard */ = {isa = PBXFileReference; lastKnownFileType = file.storyboard; path = Login.storyboard; sourceTree = "<group>"; };
		2511F4202291E0D8004D5CA8 /* LoginViewController.swift */ = {isa = PBXFileReference; lastKnownFileType = sourcecode.swift; path = LoginViewController.swift; sourceTree = "<group>"; };
		2511F422229203E9004D5CA8 /* User.swift */ = {isa = PBXFileReference; lastKnownFileType = sourcecode.swift; path = User.swift; sourceTree = "<group>"; };
		2511F426229206F4004D5CA8 /* CreateUsernameViewController.swift */ = {isa = PBXFileReference; lastKnownFileType = sourcecode.swift; path = CreateUsernameViewController.swift; sourceTree = "<group>"; };
		2511F42822921673004D5CA8 /* UserService.swift */ = {isa = PBXFileReference; lastKnownFileType = sourcecode.swift; path = UserService.swift; sourceTree = "<group>"; };
		2511F42A2292291B004D5CA8 /* Constants.swift */ = {isa = PBXFileReference; lastKnownFileType = sourcecode.swift; path = Constants.swift; sourceTree = "<group>"; };
		2511F42C22922A5A004D5CA8 /* Storyboard+Utility.swift */ = {isa = PBXFileReference; lastKnownFileType = sourcecode.swift; path = "Storyboard+Utility.swift"; sourceTree = "<group>"; };
		253A2E8F2294753300B54B6C /* PostHeaderCell.swift */ = {isa = PBXFileReference; lastKnownFileType = sourcecode.swift; path = PostHeaderCell.swift; sourceTree = "<group>"; };
		253A2E912294781700B54B6C /* PostActionCell.swift */ = {isa = PBXFileReference; lastKnownFileType = sourcecode.swift; path = PostActionCell.swift; sourceTree = "<group>"; };
		253A2E932294849800B54B6C /* LikeService.swift */ = {isa = PBXFileReference; lastKnownFileType = sourcecode.swift; path = LikeService.swift; sourceTree = "<group>"; };
		253A2E95229499C100B54B6C /* FollowService.swift */ = {isa = PBXFileReference; lastKnownFileType = sourcecode.swift; path = FollowService.swift; sourceTree = "<group>"; };
		253A2E9A22949D6000B54B6C /* Base */ = {isa = PBXFileReference; lastKnownFileType = file.storyboard; name = Base; path = Base.lproj/FindFriends.storyboard; sourceTree = "<group>"; };
		253A2E9C22949EC700B54B6C /* FindFriendsCell.swift */ = {isa = PBXFileReference; lastKnownFileType = sourcecode.swift; path = FindFriendsCell.swift; sourceTree = "<group>"; };
		255DA7E622937E5E00EA6911 /* Base */ = {isa = PBXFileReference; lastKnownFileType = file.storyboard; name = Base; path = Base.lproj/Home.storyboard; sourceTree = "<group>"; };
		255DA7E9229381DA00EA6911 /* PostImageCell.swift */ = {isa = PBXFileReference; lastKnownFileType = sourcecode.swift; path = PostImageCell.swift; sourceTree = "<group>"; };
		256118CF2295C76D008C12C4 /* DatabaseReference+Location.swift */ = {isa = PBXFileReference; lastKnownFileType = sourcecode.swift; path = "DatabaseReference+Location.swift"; sourceTree = "<group>"; };
		256118D12295D19A008C12C4 /* UITableView+Utility.swift */ = {isa = PBXFileReference; lastKnownFileType = sourcecode.swift; path = "UITableView+Utility.swift"; sourceTree = "<group>"; };
		256118D32295D75E008C12C4 /* MGPaginationHelper.swift */ = {isa = PBXFileReference; lastKnownFileType = sourcecode.swift; path = MGPaginationHelper.swift; sourceTree = "<group>"; };
		256118D522960D76008C12C4 /* open-sans */ = {isa = PBXFileReference; lastKnownFileType = folder; path = "open-sans"; sourceTree = "<group>"; };
		25A20D9522961A4300A41609 /* UIColor+Utility.swift */ = {isa = PBXFileReference; lastKnownFileType = sourcecode.swift; path = "UIColor+Utility.swift"; sourceTree = "<group>"; };
		25A20D9722961B1800A41609 /* UIFont+Utility.swift */ = {isa = PBXFileReference; lastKnownFileType = sourcecode.swift; path = "UIFont+Utility.swift"; sourceTree = "<group>"; };
		25A20D99229627A600A41609 /* ProfileViewController.swift */ = {isa = PBXFileReference; lastKnownFileType = sourcecode.swift; path = ProfileViewController.swift; sourceTree = "<group>"; };
		25A20D9E22962A4700A41609 /* Base */ = {isa = PBXFileReference; lastKnownFileType = file.storyboard; name = Base; path = Base.lproj/Profile.storyboard; sourceTree = "<group>"; };
		25A20DA022962BB600A41609 /* PostThumbImageCell.swift */ = {isa = PBXFileReference; lastKnownFileType = sourcecode.swift; path = PostThumbImageCell.swift; sourceTree = "<group>"; };
		25A20DA222962F1A00A41609 /* ProfileHeaderView.swift */ = {isa = PBXFileReference; lastKnownFileType = sourcecode.swift; path = ProfileHeaderView.swift; sourceTree = "<group>"; };
		25AC8FFF229340E5007F24CB /* HomeViewController.swift */ = {isa = PBXFileReference; lastKnownFileType = sourcecode.swift; path = HomeViewController.swift; sourceTree = "<group>"; };
		25AC9001229340F2007F24CB /* FindFriendsViewController.swift */ = {isa = PBXFileReference; lastKnownFileType = sourcecode.swift; path = FindFriendsViewController.swift; sourceTree = "<group>"; };
		25AC900322934A4F007F24CB /* MainTabBarController.swift */ = {isa = PBXFileReference; lastKnownFileType = sourcecode.swift; path = MainTabBarController.swift; sourceTree = "<group>"; };
		25AC9005229351A6007F24CB /* MGPhotoHelper.swift */ = {isa = PBXFileReference; lastKnownFileType = sourcecode.swift; path = MGPhotoHelper.swift; sourceTree = "<group>"; };
		25AC900722935E90007F24CB /* StorageService.swift */ = {isa = PBXFileReference; lastKnownFileType = sourcecode.swift; path = StorageService.swift; sourceTree = "<group>"; };
		25AC900922936148007F24CB /* PostService.swift */ = {isa = PBXFileReference; lastKnownFileType = sourcecode.swift; path = PostService.swift; sourceTree = "<group>"; };
		25AC900B229362DE007F24CB /* Post.swift */ = {isa = PBXFileReference; lastKnownFileType = sourcecode.swift; path = Post.swift; sourceTree = "<group>"; };
		25AC900D229366D2007F24CB /* UIImage+Size.swift */ = {isa = PBXFileReference; lastKnownFileType = sourcecode.swift; path = "UIImage+Size.swift"; sourceTree = "<group>"; };
		25AC900F22936759007F24CB /* StorageReference+Post.swift */ = {isa = PBXFileReference; lastKnownFileType = sourcecode.swift; path = "StorageReference+Post.swift"; sourceTree = "<group>"; };
		25DDB73422976DA800B3DE23 /* Chat.swift */ = {isa = PBXFileReference; lastKnownFileType = sourcecode.swift; path = Chat.swift; sourceTree = "<group>"; };
		25DDB7362297710900B3DE23 /* Message.swift */ = {isa = PBXFileReference; lastKnownFileType = sourcecode.swift; path = Message.swift; sourceTree = "<group>"; };
		25DDB738229772E300B3DE23 /* ChatService.swift */ = {isa = PBXFileReference; lastKnownFileType = sourcecode.swift; path = ChatService.swift; sourceTree = "<group>"; };
		25DDB73D22977B5B00B3DE23 /* Base */ = {isa = PBXFileReference; lastKnownFileType = file.storyboard; name = Base; path = Base.lproj/Chat.storyboard; sourceTree = "<group>"; };
		25DDB73F22977BC100B3DE23 /* ChatListViewController.swift */ = {isa = PBXFileReference; lastKnownFileType = sourcecode.swift; path = ChatListViewController.swift; sourceTree = "<group>"; };
		25DDB741229780AD00B3DE23 /* ChatListCell.swift */ = {isa = PBXFileReference; lastKnownFileType = sourcecode.swift; path = ChatListCell.swift; sourceTree = "<group>"; };
		25DDB74322978E3800B3DE23 /* NewChatViewController.swift */ = {isa = PBXFileReference; lastKnownFileType = sourcecode.swift; path = NewChatViewController.swift; sourceTree = "<group>"; };
		B7A5ABFE752392A022738F9F /* Pods_Makestagram.framework */ = {isa = PBXFileReference; explicitFileType = wrapper.framework; includeInIndex = 0; path = Pods_Makestagram.framework; sourceTree = BUILT_PRODUCTS_DIR; };
		C4DC5EF2A67A09D4573918D7 /* Pods-Makestagram.release.xcconfig */ = {isa = PBXFileReference; includeInIndex = 1; lastKnownFileType = text.xcconfig; name = "Pods-Makestagram.release.xcconfig"; path = "Target Support Files/Pods-Makestagram/Pods-Makestagram.release.xcconfig"; sourceTree = "<group>"; };
/* End PBXFileReference section */

/* Begin PBXFrameworksBuildPhase section */
		2511F3FB2291D14E004D5CA8 /* Frameworks */ = {
			isa = PBXFrameworksBuildPhase;
			buildActionMask = 2147483647;
			files = (
				469F509057D52B44E314C14E /* Pods_Makestagram.framework in Frameworks */,
			);
			runOnlyForDeploymentPostprocessing = 0;
		};
/* End PBXFrameworksBuildPhase section */

/* Begin PBXGroup section */
		2511F3F52291D14E004D5CA8 = {
			isa = PBXGroup;
			children = (
				2511F4002291D14E004D5CA8 /* Makestagram */,
				2511F3FF2291D14E004D5CA8 /* Products */,
				4EEB8F492F68313EFBCF65E0 /* Pods */,
				9C1E529F792656D07C6189AB /* Frameworks */,
			);
			sourceTree = "<group>";
		};
		2511F3FF2291D14E004D5CA8 /* Products */ = {
			isa = PBXGroup;
			children = (
				2511F3FE2291D14E004D5CA8 /* Makestagram.app */,
			);
			name = Products;
			sourceTree = "<group>";
		};
		2511F4002291D14E004D5CA8 /* Makestagram */ = {
			isa = PBXGroup;
			children = (
				2511F4012291D14F004D5CA8 /* AppDelegate.swift */,
				2511F41D2291DAEB004D5CA8 /* Views */,
				2511F41C2291DAE2004D5CA8 /* Supporting */,
				2511F41B2291DAD1004D5CA8 /* Storyboards */,
				2511F4192291DAAF004D5CA8 /* Services */,
				2511F4182291DAA2004D5CA8 /* Models */,
				2511F4172291DA95004D5CA8 /* Helpers */,
				2511F4162291DA82004D5CA8 /* Extensions */,
				2511F4152291DA65004D5CA8 /* Controllers */,
				2511F4082291D150004D5CA8 /* Assets.xcassets */,
				256118D522960D76008C12C4 /* open-sans */,
			);
			path = Makestagram;
			sourceTree = "<group>";
		};
		2511F4152291DA65004D5CA8 /* Controllers */ = {
			isa = PBXGroup;
			children = (
				2511F4202291E0D8004D5CA8 /* LoginViewController.swift */,
				2511F426229206F4004D5CA8 /* CreateUsernameViewController.swift */,
				25AC8FFF229340E5007F24CB /* HomeViewController.swift */,
				25AC9001229340F2007F24CB /* FindFriendsViewController.swift */,
				25AC900322934A4F007F24CB /* MainTabBarController.swift */,
				25A20D99229627A600A41609 /* ProfileViewController.swift */,
				25DDB73F22977BC100B3DE23 /* ChatListViewController.swift */,
				25DDB74322978E3800B3DE23 /* NewChatViewController.swift */,
			);
			path = Controllers;
			sourceTree = "<group>";
		};
		2511F4162291DA82004D5CA8 /* Extensions */ = {
			isa = PBXGroup;
			children = (
				2511F42C22922A5A004D5CA8 /* Storyboard+Utility.swift */,
				25AC900D229366D2007F24CB /* UIImage+Size.swift */,
				25AC900F22936759007F24CB /* StorageReference+Post.swift */,
				256118CF2295C76D008C12C4 /* DatabaseReference+Location.swift */,
				256118D12295D19A008C12C4 /* UITableView+Utility.swift */,
				25A20D9522961A4300A41609 /* UIColor+Utility.swift */,
				25A20D9722961B1800A41609 /* UIFont+Utility.swift */,
			);
			path = Extensions;
			sourceTree = "<group>";
		};
		2511F4172291DA95004D5CA8 /* Helpers */ = {
			isa = PBXGroup;
			children = (
				25AC9005229351A6007F24CB /* MGPhotoHelper.swift */,
				256118D32295D75E008C12C4 /* MGPaginationHelper.swift */,
			);
			path = Helpers;
			sourceTree = "<group>";
		};
		2511F4182291DAA2004D5CA8 /* Models */ = {
			isa = PBXGroup;
			children = (
				2511F422229203E9004D5CA8 /* User.swift */,
				25AC900B229362DE007F24CB /* Post.swift */,
				25DDB73422976DA800B3DE23 /* Chat.swift */,
				25DDB7362297710900B3DE23 /* Message.swift */,
			);
			path = Models;
			sourceTree = "<group>";
		};
		2511F4192291DAAF004D5CA8 /* Services */ = {
			isa = PBXGroup;
			children = (
				2511F42822921673004D5CA8 /* UserService.swift */,
				25AC900722935E90007F24CB /* StorageService.swift */,
				25AC900922936148007F24CB /* PostService.swift */,
				253A2E932294849800B54B6C /* LikeService.swift */,
				253A2E95229499C100B54B6C /* FollowService.swift */,
				25DDB738229772E300B3DE23 /* ChatService.swift */,
			);
			path = Services;
			sourceTree = "<group>";
		};
		2511F41B2291DAD1004D5CA8 /* Storyboards */ = {
			isa = PBXGroup;
			children = (
				2511F4052291D14F004D5CA8 /* Main.storyboard */,
				2511F40A2291D150004D5CA8 /* LaunchScreen.storyboard */,
				2511F41E2291E03A004D5CA8 /* Login.storyboard */,
				255DA7E722937E5E00EA6911 /* Home.storyboard */,
				253A2E9B22949D6000B54B6C /* FindFriends.storyboard */,
				25A20D9F22962A4700A41609 /* Profile.storyboard */,
				25DDB73E22977B5B00B3DE23 /* Chat.storyboard */,
			);
			path = Storyboards;
			sourceTree = "<group>";
		};
		2511F41C2291DAE2004D5CA8 /* Supporting */ = {
			isa = PBXGroup;
			children = (
				2511F40D2291D150004D5CA8 /* Info.plist */,
				2511F4132291D7C8004D5CA8 /* GoogleService-Info.plist */,
				2511F42A2292291B004D5CA8 /* Constants.swift */,
			);
			path = Supporting;
			sourceTree = "<group>";
		};
		2511F41D2291DAEB004D5CA8 /* Views */ = {
			isa = PBXGroup;
			children = (
				255DA7E9229381DA00EA6911 /* PostImageCell.swift */,
				253A2E8F2294753300B54B6C /* PostHeaderCell.swift */,
				253A2E912294781700B54B6C /* PostActionCell.swift */,
				253A2E9C22949EC700B54B6C /* FindFriendsCell.swift */,
				25A20DA022962BB600A41609 /* PostThumbImageCell.swift */,
				25A20DA222962F1A00A41609 /* ProfileHeaderView.swift */,
				25DDB741229780AD00B3DE23 /* ChatListCell.swift */,
			);
			path = Views;
			sourceTree = "<group>";
		};
		4EEB8F492F68313EFBCF65E0 /* Pods */ = {
			isa = PBXGroup;
			children = (
				19916D348D3B2A4862B7816F /* Pods-Makestagram.debug.xcconfig */,
				C4DC5EF2A67A09D4573918D7 /* Pods-Makestagram.release.xcconfig */,
			);
			path = Pods;
			sourceTree = "<group>";
		};
		9C1E529F792656D07C6189AB /* Frameworks */ = {
			isa = PBXGroup;
			children = (
				B7A5ABFE752392A022738F9F /* Pods_Makestagram.framework */,
			);
			name = Frameworks;
			sourceTree = "<group>";
		};
/* End PBXGroup section */

/* Begin PBXNativeTarget section */
		2511F3FD2291D14E004D5CA8 /* Makestagram */ = {
			isa = PBXNativeTarget;
			buildConfigurationList = 2511F4102291D151004D5CA8 /* Build configuration list for PBXNativeTarget "Makestagram" */;
			buildPhases = (
				1C0B6531FFD2B5A8884981EC /* [CP] Check Pods Manifest.lock */,
				2511F3FA2291D14E004D5CA8 /* Sources */,
				2511F3FB2291D14E004D5CA8 /* Frameworks */,
				2511F3FC2291D14E004D5CA8 /* Resources */,
				C12F7F3492559AD8DE467590 /* [CP] Embed Pods Frameworks */,
				B81BAC65E8A1F3C9D9FEA488 /* [CP] Copy Pods Resources */,
			);
			buildRules = (
			);
			dependencies = (
			);
			name = Makestagram;
			productName = Makestagram;
			productReference = 2511F3FE2291D14E004D5CA8 /* Makestagram.app */;
			productType = "com.apple.product-type.application";
		};
/* End PBXNativeTarget section */

/* Begin PBXProject section */
		2511F3F62291D14E004D5CA8 /* Project object */ = {
			isa = PBXProject;
			attributes = {
				LastSwiftUpdateCheck = 1020;
				LastUpgradeCheck = 1020;
				ORGANIZATIONNAME = "Make School";
				TargetAttributes = {
					2511F3FD2291D14E004D5CA8 = {
						CreatedOnToolsVersion = 10.2.1;
					};
				};
			};
			buildConfigurationList = 2511F3F92291D14E004D5CA8 /* Build configuration list for PBXProject "Makestagram" */;
			compatibilityVersion = "Xcode 9.3";
			developmentRegion = en;
			hasScannedForEncodings = 0;
			knownRegions = (
				en,
				Base,
			);
			mainGroup = 2511F3F52291D14E004D5CA8;
			productRefGroup = 2511F3FF2291D14E004D5CA8 /* Products */;
			projectDirPath = "";
			projectRoot = "";
			targets = (
				2511F3FD2291D14E004D5CA8 /* Makestagram */,
			);
		};
/* End PBXProject section */

/* Begin PBXResourcesBuildPhase section */
		2511F3FC2291D14E004D5CA8 /* Resources */ = {
			isa = PBXResourcesBuildPhase;
			buildActionMask = 2147483647;
			files = (
				2511F40C2291D150004D5CA8 /* LaunchScreen.storyboard in Resources */,
				2511F4142291D7C8004D5CA8 /* GoogleService-Info.plist in Resources */,
				2511F4092291D150004D5CA8 /* Assets.xcassets in Resources */,
				253A2E9922949D6000B54B6C /* FindFriends.storyboard in Resources */,
				255DA7E822937EFF00EA6911 /* Home.storyboard in Resources */,
				256118D622960D76008C12C4 /* open-sans in Resources */,
				25A20D9D22962A4700A41609 /* Profile.storyboard in Resources */,
				2511F41F2291E03A004D5CA8 /* Login.storyboard in Resources */,
				25DDB73C22977B5B00B3DE23 /* Chat.storyboard in Resources */,
				2511F4072291D14F004D5CA8 /* Main.storyboard in Resources */,
			);
			runOnlyForDeploymentPostprocessing = 0;
		};
/* End PBXResourcesBuildPhase section */

/* Begin PBXShellScriptBuildPhase section */
		1C0B6531FFD2B5A8884981EC /* [CP] Check Pods Manifest.lock */ = {
			isa = PBXShellScriptBuildPhase;
			buildActionMask = 2147483647;
			files = (
			);
			inputFileListPaths = (
			);
			inputPaths = (
				"${PODS_PODFILE_DIR_PATH}/Podfile.lock",
				"${PODS_ROOT}/Manifest.lock",
			);
			name = "[CP] Check Pods Manifest.lock";
			outputFileListPaths = (
			);
			outputPaths = (
				"$(DERIVED_FILE_DIR)/Pods-Makestagram-checkManifestLockResult.txt",
			);
			runOnlyForDeploymentPostprocessing = 0;
			shellPath = /bin/sh;
			shellScript = "diff \"${PODS_PODFILE_DIR_PATH}/Podfile.lock\" \"${PODS_ROOT}/Manifest.lock\" > /dev/null\nif [ $? != 0 ] ; then\n    # print error to STDERR\n    echo \"error: The sandbox is not in sync with the Podfile.lock. Run 'pod install' or update your CocoaPods installation.\" >&2\n    exit 1\nfi\n# This output is used by Xcode 'outputs' to avoid re-running this script phase.\necho \"SUCCESS\" > \"${SCRIPT_OUTPUT_FILE_0}\"\n";
			showEnvVarsInLog = 0;
		};
		B81BAC65E8A1F3C9D9FEA488 /* [CP] Copy Pods Resources */ = {
			isa = PBXShellScriptBuildPhase;
			buildActionMask = 2147483647;
			files = (
			);
			inputFileListPaths = (
			);
			inputPaths = (
				"${PODS_ROOT}/Target Support Files/Pods-Makestagram/Pods-Makestagram-resources.sh",
				"${PODS_CONFIGURATION_BUILD_DIR}/FirebaseUI/FirebaseAuthUI.bundle",
				"${PODS_CONFIGURATION_BUILD_DIR}/FirebaseUI/FirebaseEmailAuthUI.bundle",
				"${PODS_CONFIGURATION_BUILD_DIR}/FirebaseUI/FirebaseFacebookAuthUI.bundle",
				"${PODS_CONFIGURATION_BUILD_DIR}/FirebaseUI/FirebaseGoogleAuthUI.bundle",
				"${PODS_ROOT}/GoogleSignIn/Resources/GoogleSignIn.bundle",
			);
			name = "[CP] Copy Pods Resources";
			outputFileListPaths = (
			);
			outputPaths = (
				"${TARGET_BUILD_DIR}/${UNLOCALIZED_RESOURCES_FOLDER_PATH}/FirebaseAuthUI.bundle",
				"${TARGET_BUILD_DIR}/${UNLOCALIZED_RESOURCES_FOLDER_PATH}/FirebaseEmailAuthUI.bundle",
				"${TARGET_BUILD_DIR}/${UNLOCALIZED_RESOURCES_FOLDER_PATH}/FirebaseFacebookAuthUI.bundle",
				"${TARGET_BUILD_DIR}/${UNLOCALIZED_RESOURCES_FOLDER_PATH}/FirebaseGoogleAuthUI.bundle",
				"${TARGET_BUILD_DIR}/${UNLOCALIZED_RESOURCES_FOLDER_PATH}/GoogleSignIn.bundle",
			);
			runOnlyForDeploymentPostprocessing = 0;
			shellPath = /bin/sh;
			shellScript = "\"${PODS_ROOT}/Target Support Files/Pods-Makestagram/Pods-Makestagram-resources.sh\"\n";
			showEnvVarsInLog = 0;
		};
		C12F7F3492559AD8DE467590 /* [CP] Embed Pods Frameworks */ = {
			isa = PBXShellScriptBuildPhase;
			buildActionMask = 2147483647;
			files = (
			);
			inputFileListPaths = (
			);
			inputPaths = (
				"${PODS_ROOT}/Target Support Files/Pods-Makestagram/Pods-Makestagram-frameworks.sh",
				"${BUILT_PRODUCTS_DIR}/FBSDKCoreKit/FBSDKCoreKit.framework",
				"${BUILT_PRODUCTS_DIR}/FBSDKLoginKit/FBSDKLoginKit.framework",
				"${BUILT_PRODUCTS_DIR}/FacebookCore/FacebookCore.framework",
				"${BUILT_PRODUCTS_DIR}/FacebookLogin/FacebookLogin.framework",
				"${BUILT_PRODUCTS_DIR}/GTMSessionFetcher/GTMSessionFetcher.framework",
				"${BUILT_PRODUCTS_DIR}/GoogleToolboxForMac/GoogleToolboxForMac.framework",
				"${BUILT_PRODUCTS_DIR}/GoogleUtilities/GoogleUtilities.framework",
				"${BUILT_PRODUCTS_DIR}/Kingfisher/Kingfisher.framework",
				"${BUILT_PRODUCTS_DIR}/leveldb-library/leveldb.framework",
				"${BUILT_PRODUCTS_DIR}/nanopb/nanopb.framework",
			);
			name = "[CP] Embed Pods Frameworks";
			outputFileListPaths = (
			);
			outputPaths = (
				"${TARGET_BUILD_DIR}/${FRAMEWORKS_FOLDER_PATH}/FBSDKCoreKit.framework",
				"${TARGET_BUILD_DIR}/${FRAMEWORKS_FOLDER_PATH}/FBSDKLoginKit.framework",
				"${TARGET_BUILD_DIR}/${FRAMEWORKS_FOLDER_PATH}/FacebookCore.framework",
				"${TARGET_BUILD_DIR}/${FRAMEWORKS_FOLDER_PATH}/FacebookLogin.framework",
				"${TARGET_BUILD_DIR}/${FRAMEWORKS_FOLDER_PATH}/GTMSessionFetcher.framework",
				"${TARGET_BUILD_DIR}/${FRAMEWORKS_FOLDER_PATH}/GoogleToolboxForMac.framework",
				"${TARGET_BUILD_DIR}/${FRAMEWORKS_FOLDER_PATH}/GoogleUtilities.framework",
				"${TARGET_BUILD_DIR}/${FRAMEWORKS_FOLDER_PATH}/Kingfisher.framework",
				"${TARGET_BUILD_DIR}/${FRAMEWORKS_FOLDER_PATH}/leveldb.framework",
				"${TARGET_BUILD_DIR}/${FRAMEWORKS_FOLDER_PATH}/nanopb.framework",
			);
			runOnlyForDeploymentPostprocessing = 0;
			shellPath = /bin/sh;
			shellScript = "\"${PODS_ROOT}/Target Support Files/Pods-Makestagram/Pods-Makestagram-frameworks.sh\"\n";
			showEnvVarsInLog = 0;
		};
/* End PBXShellScriptBuildPhase section */

/* Begin PBXSourcesBuildPhase section */
		2511F3FA2291D14E004D5CA8 /* Sources */ = {
			isa = PBXSourcesBuildPhase;
			buildActionMask = 2147483647;
			files = (
				253A2E96229499C100B54B6C /* FollowService.swift in Sources */,
				2511F423229203E9004D5CA8 /* User.swift in Sources */,
				25A20D9622961A4300A41609 /* UIColor+Utility.swift in Sources */,
				25AC900822935E90007F24CB /* StorageService.swift in Sources */,
				2511F4212291E0D8004D5CA8 /* LoginViewController.swift in Sources */,
				256118D22295D19A008C12C4 /* UITableView+Utility.swift in Sources */,
				25AC900422934A4F007F24CB /* MainTabBarController.swift in Sources */,
				25A20DA322962F1A00A41609 /* ProfileHeaderView.swift in Sources */,
				2511F42922921673004D5CA8 /* UserService.swift in Sources */,
				253A2E922294781700B54B6C /* PostActionCell.swift in Sources */,
				25DDB742229780AD00B3DE23 /* ChatListCell.swift in Sources */,
				253A2E942294849800B54B6C /* LikeService.swift in Sources */,
				25AC900C229362DE007F24CB /* Post.swift in Sources */,
				25DDB74022977BC100B3DE23 /* ChatListViewController.swift in Sources */,
				255DA7EA229381DA00EA6911 /* PostImageCell.swift in Sources */,
				25DDB7372297710900B3DE23 /* Message.swift in Sources */,
				256118D42295D75E008C12C4 /* MGPaginationHelper.swift in Sources */,
				253A2E9D22949EC700B54B6C /* FindFriendsCell.swift in Sources */,
				25A20DA122962BB600A41609 /* PostThumbImageCell.swift in Sources */,
				25DDB74422978E3800B3DE23 /* NewChatViewController.swift in Sources */,
				25AC900E229366D2007F24CB /* UIImage+Size.swift in Sources */,
				25A20D9822961B1800A41609 /* UIFont+Utility.swift in Sources */,
				25AC9000229340E5007F24CB /* HomeViewController.swift in Sources */,
				25AC9006229351A6007F24CB /* MGPhotoHelper.swift in Sources */,
				25A20D9A229627A600A41609 /* ProfileViewController.swift in Sources */,
				2511F42B2292291B004D5CA8 /* Constants.swift in Sources */,
				25AC9002229340F2007F24CB /* FindFriendsViewController.swift in Sources */,
				256118D02295C76D008C12C4 /* DatabaseReference+Location.swift in Sources */,
				25AC901022936759007F24CB /* StorageReference+Post.swift in Sources */,
				2511F427229206F4004D5CA8 /* CreateUsernameViewController.swift in Sources */,
				25AC900A22936148007F24CB /* PostService.swift in Sources */,
				2511F4022291D14F004D5CA8 /* AppDelegate.swift in Sources */,
				253A2E902294753300B54B6C /* PostHeaderCell.swift in Sources */,
				2511F42D22922A5A004D5CA8 /* Storyboard+Utility.swift in Sources */,
				25DDB73522976DA800B3DE23 /* Chat.swift in Sources */,
				25DDB739229772E300B3DE23 /* ChatService.swift in Sources */,
			);
			runOnlyForDeploymentPostprocessing = 0;
		};
/* End PBXSourcesBuildPhase section */

/* Begin PBXVariantGroup section */
		2511F4052291D14F004D5CA8 /* Main.storyboard */ = {
			isa = PBXVariantGroup;
			children = (
				2511F4062291D14F004D5CA8 /* Base */,
			);
			name = Main.storyboard;
			sourceTree = "<group>";
		};
		2511F40A2291D150004D5CA8 /* LaunchScreen.storyboard */ = {
			isa = PBXVariantGroup;
			children = (
				2511F40B2291D150004D5CA8 /* Base */,
			);
			name = LaunchScreen.storyboard;
			sourceTree = "<group>";
		};
		253A2E9B22949D6000B54B6C /* FindFriends.storyboard */ = {
			isa = PBXVariantGroup;
			children = (
				253A2E9A22949D6000B54B6C /* Base */,
			);
			name = FindFriends.storyboard;
			path = "/Users/basantachaudhuri/Desktop/Make School Projects/Makestagram/Makestagram/Storyboards";
			sourceTree = "<absolute>";
		};
		255DA7E722937E5E00EA6911 /* Home.storyboard */ = {
			isa = PBXVariantGroup;
			children = (
				255DA7E622937E5E00EA6911 /* Base */,
			);
			name = Home.storyboard;
			sourceTree = "<group>";
		};
		25A20D9F22962A4700A41609 /* Profile.storyboard */ = {
			isa = PBXVariantGroup;
			children = (
				25A20D9E22962A4700A41609 /* Base */,
			);
			name = Profile.storyboard;
			path = "/Users/basantachaudhuri/Desktop/Make School Projects/Makestagram/Makestagram/Storyboards";
			sourceTree = "<absolute>";
		};
		25DDB73E22977B5B00B3DE23 /* Chat.storyboard */ = {
			isa = PBXVariantGroup;
			children = (
				25DDB73D22977B5B00B3DE23 /* Base */,
			);
			name = Chat.storyboard;
			path = "/Users/basantachaudhuri/Desktop/Make School Projects/Makestagram/Makestagram/Storyboards";
			sourceTree = "<absolute>";
		};
/* End PBXVariantGroup section */

/* Begin XCBuildConfiguration section */
		2511F40E2291D150004D5CA8 /* Debug */ = {
			isa = XCBuildConfiguration;
			buildSettings = {
				ALWAYS_SEARCH_USER_PATHS = NO;
				CLANG_ANALYZER_NONNULL = YES;
				CLANG_ANALYZER_NUMBER_OBJECT_CONVERSION = YES_AGGRESSIVE;
				CLANG_CXX_LANGUAGE_STANDARD = "gnu++14";
				CLANG_CXX_LIBRARY = "libc++";
				CLANG_ENABLE_MODULES = YES;
				CLANG_ENABLE_OBJC_ARC = YES;
				CLANG_ENABLE_OBJC_WEAK = YES;
				CLANG_WARN_BLOCK_CAPTURE_AUTORELEASING = YES;
				CLANG_WARN_BOOL_CONVERSION = YES;
				CLANG_WARN_COMMA = YES;
				CLANG_WARN_CONSTANT_CONVERSION = YES;
				CLANG_WARN_DEPRECATED_OBJC_IMPLEMENTATIONS = YES;
				CLANG_WARN_DIRECT_OBJC_ISA_USAGE = YES_ERROR;
				CLANG_WARN_DOCUMENTATION_COMMENTS = YES;
				CLANG_WARN_EMPTY_BODY = YES;
				CLANG_WARN_ENUM_CONVERSION = YES;
				CLANG_WARN_INFINITE_RECURSION = YES;
				CLANG_WARN_INT_CONVERSION = YES;
				CLANG_WARN_NON_LITERAL_NULL_CONVERSION = YES;
				CLANG_WARN_OBJC_IMPLICIT_RETAIN_SELF = YES;
				CLANG_WARN_OBJC_LITERAL_CONVERSION = YES;
				CLANG_WARN_OBJC_ROOT_CLASS = YES_ERROR;
				CLANG_WARN_RANGE_LOOP_ANALYSIS = YES;
				CLANG_WARN_STRICT_PROTOTYPES = YES;
				CLANG_WARN_SUSPICIOUS_MOVE = YES;
				CLANG_WARN_UNGUARDED_AVAILABILITY = YES_AGGRESSIVE;
				CLANG_WARN_UNREACHABLE_CODE = YES;
				CLANG_WARN__DUPLICATE_METHOD_MATCH = YES;
				CODE_SIGN_IDENTITY = "iPhone Developer";
				COPY_PHASE_STRIP = NO;
				DEBUG_INFORMATION_FORMAT = dwarf;
				ENABLE_STRICT_OBJC_MSGSEND = YES;
				ENABLE_TESTABILITY = YES;
				GCC_C_LANGUAGE_STANDARD = gnu11;
				GCC_DYNAMIC_NO_PIC = NO;
				GCC_NO_COMMON_BLOCKS = YES;
				GCC_OPTIMIZATION_LEVEL = 0;
				GCC_PREPROCESSOR_DEFINITIONS = (
					"DEBUG=1",
					"$(inherited)",
				);
				GCC_WARN_64_TO_32_BIT_CONVERSION = YES;
				GCC_WARN_ABOUT_RETURN_TYPE = YES_ERROR;
				GCC_WARN_UNDECLARED_SELECTOR = YES;
				GCC_WARN_UNINITIALIZED_AUTOS = YES_AGGRESSIVE;
				GCC_WARN_UNUSED_FUNCTION = YES;
				GCC_WARN_UNUSED_VARIABLE = YES;
				IPHONEOS_DEPLOYMENT_TARGET = 12.2;
				MTL_ENABLE_DEBUG_INFO = INCLUDE_SOURCE;
				MTL_FAST_MATH = YES;
				ONLY_ACTIVE_ARCH = YES;
				SDKROOT = iphoneos;
				SWIFT_ACTIVE_COMPILATION_CONDITIONS = DEBUG;
				SWIFT_OPTIMIZATION_LEVEL = "-Onone";
			};
			name = Debug;
		};
		2511F40F2291D150004D5CA8 /* Release */ = {
			isa = XCBuildConfiguration;
			buildSettings = {
				ALWAYS_SEARCH_USER_PATHS = NO;
				CLANG_ANALYZER_NONNULL = YES;
				CLANG_ANALYZER_NUMBER_OBJECT_CONVERSION = YES_AGGRESSIVE;
				CLANG_CXX_LANGUAGE_STANDARD = "gnu++14";
				CLANG_CXX_LIBRARY = "libc++";
				CLANG_ENABLE_MODULES = YES;
				CLANG_ENABLE_OBJC_ARC = YES;
				CLANG_ENABLE_OBJC_WEAK = YES;
				CLANG_WARN_BLOCK_CAPTURE_AUTORELEASING = YES;
				CLANG_WARN_BOOL_CONVERSION = YES;
				CLANG_WARN_COMMA = YES;
				CLANG_WARN_CONSTANT_CONVERSION = YES;
				CLANG_WARN_DEPRECATED_OBJC_IMPLEMENTATIONS = YES;
				CLANG_WARN_DIRECT_OBJC_ISA_USAGE = YES_ERROR;
				CLANG_WARN_DOCUMENTATION_COMMENTS = YES;
				CLANG_WARN_EMPTY_BODY = YES;
				CLANG_WARN_ENUM_CONVERSION = YES;
				CLANG_WARN_INFINITE_RECURSION = YES;
				CLANG_WARN_INT_CONVERSION = YES;
				CLANG_WARN_NON_LITERAL_NULL_CONVERSION = YES;
				CLANG_WARN_OBJC_IMPLICIT_RETAIN_SELF = YES;
				CLANG_WARN_OBJC_LITERAL_CONVERSION = YES;
				CLANG_WARN_OBJC_ROOT_CLASS = YES_ERROR;
				CLANG_WARN_RANGE_LOOP_ANALYSIS = YES;
				CLANG_WARN_STRICT_PROTOTYPES = YES;
				CLANG_WARN_SUSPICIOUS_MOVE = YES;
				CLANG_WARN_UNGUARDED_AVAILABILITY = YES_AGGRESSIVE;
				CLANG_WARN_UNREACHABLE_CODE = YES;
				CLANG_WARN__DUPLICATE_METHOD_MATCH = YES;
				CODE_SIGN_IDENTITY = "iPhone Developer";
				COPY_PHASE_STRIP = NO;
				DEBUG_INFORMATION_FORMAT = "dwarf-with-dsym";
				ENABLE_NS_ASSERTIONS = NO;
				ENABLE_STRICT_OBJC_MSGSEND = YES;
				GCC_C_LANGUAGE_STANDARD = gnu11;
				GCC_NO_COMMON_BLOCKS = YES;
				GCC_WARN_64_TO_32_BIT_CONVERSION = YES;
				GCC_WARN_ABOUT_RETURN_TYPE = YES_ERROR;
				GCC_WARN_UNDECLARED_SELECTOR = YES;
				GCC_WARN_UNINITIALIZED_AUTOS = YES_AGGRESSIVE;
				GCC_WARN_UNUSED_FUNCTION = YES;
				GCC_WARN_UNUSED_VARIABLE = YES;
				IPHONEOS_DEPLOYMENT_TARGET = 12.2;
				MTL_ENABLE_DEBUG_INFO = NO;
				MTL_FAST_MATH = YES;
				SDKROOT = iphoneos;
				SWIFT_COMPILATION_MODE = wholemodule;
				SWIFT_OPTIMIZATION_LEVEL = "-O";
				VALIDATE_PRODUCT = YES;
			};
			name = Release;
		};
		2511F4112291D151004D5CA8 /* Debug */ = {
			isa = XCBuildConfiguration;
			baseConfigurationReference = 19916D348D3B2A4862B7816F /* Pods-Makestagram.debug.xcconfig */;
			buildSettings = {
				ASSETCATALOG_COMPILER_APPICON_NAME = AppIcon;
				CODE_SIGN_STYLE = Automatic;
				DEVELOPMENT_TEAM = UF6E5BVT98;
				INFOPLIST_FILE = "$(SRCROOT)/Makestagram/Supporting/Info.plist";
				LD_RUNPATH_SEARCH_PATHS = (
					"$(inherited)",
					"@executable_path/Frameworks",
				);
				PRODUCT_BUNDLE_IDENTIFIER = com.makeschool.Makestagram;
				PRODUCT_NAME = "$(TARGET_NAME)";
				SWIFT_VERSION = 5.0;
				TARGETED_DEVICE_FAMILY = "1,2";
			};
			name = Debug;
		};
		2511F4122291D151004D5CA8 /* Release */ = {
			isa = XCBuildConfiguration;
			baseConfigurationReference = C4DC5EF2A67A09D4573918D7 /* Pods-Makestagram.release.xcconfig */;
			buildSettings = {
				ASSETCATALOG_COMPILER_APPICON_NAME = AppIcon;
				CODE_SIGN_STYLE = Automatic;
				DEVELOPMENT_TEAM = UF6E5BVT98;
				INFOPLIST_FILE = "$(SRCROOT)/Makestagram/Supporting/Info.plist";
				LD_RUNPATH_SEARCH_PATHS = (
					"$(inherited)",
					"@executable_path/Frameworks",
				);
				PRODUCT_BUNDLE_IDENTIFIER = com.makeschool.Makestagram;
				PRODUCT_NAME = "$(TARGET_NAME)";
				SWIFT_VERSION = 5.0;
				TARGETED_DEVICE_FAMILY = "1,2";
			};
			name = Release;
		};
/* End XCBuildConfiguration section */

/* Begin XCConfigurationList section */
		2511F3F92291D14E004D5CA8 /* Build configuration list for PBXProject "Makestagram" */ = {
			isa = XCConfigurationList;
			buildConfigurations = (
				2511F40E2291D150004D5CA8 /* Debug */,
				2511F40F2291D150004D5CA8 /* Release */,
			);
			defaultConfigurationIsVisible = 0;
			defaultConfigurationName = Release;
		};
		2511F4102291D151004D5CA8 /* Build configuration list for PBXNativeTarget "Makestagram" */ = {
			isa = XCConfigurationList;
			buildConfigurations = (
				2511F4112291D151004D5CA8 /* Debug */,
				2511F4122291D151004D5CA8 /* Release */,
			);
			defaultConfigurationIsVisible = 0;
			defaultConfigurationName = Release;
		};
/* End XCConfigurationList section */
	};
	rootObject = 2511F3F62291D14E004D5CA8 /* Project object */;
}
